
Microsoft Visual Studio Solution File, Format Version 12.00
# Visual Studio Version 17
VisualStudioVersion = 17.0.31903.59
MinimumVisualStudioVersion = 10.0.40219.1
Project("{2150E333-8FDC-42A3-9474-1A3956D46DE8}") = "src", "src", "{827E0CD3-B72D-47B6-A68D-7590B98EB39B}"
EndProject
Project("{2150E333-8FDC-42A3-9474-1A3956D46DE8}") = "Bootstrapper", "Bootstrapper", "{A42421DF-83F2-EC56-5368-8ED134CB703A}"
EndProject
Project("{FAE04EC0-301F-11D3-BF4B-00C04F79EFBC}") = "Stingy.App", "src\Bootstrapper\Stingy.App\Stingy.App.csproj", "{034E25C6-A435-4AC9-964C-11206415612F}"
EndProject
Project("{2150E333-8FDC-42A3-9474-1A3956D46DE8}") = "Modules", "Modules", "{EC447DCF-ABFA-6E24-52A5-D7FD48A5C558}"
EndProject
Project("{2150E333-8FDC-42A3-9474-1A3956D46DE8}") = "Auth", "Auth", "{E9D55F35-C373-3DD8-6914-3213F2F582A2}"
EndProject
Project("{FAE04EC0-301F-11D3-BF4B-00C04F79EFBC}") = "Auth.Api", "src\Modules\Auth\Auth.Api\Auth.Api.csproj", "{4B181AAE-0527-406D-91FA-91B01E590A48}"
EndProject
Project("{FAE04EC0-301F-11D3-BF4B-00C04F79EFBC}") = "Auth.Core", "src\Modules\Auth\Auth.Core\Auth.Core.csproj", "{BF3B7A7F-D322-47D9-8B5B-17EB06A5C11C}"
EndProject
Project("{FAE04EC0-301F-11D3-BF4B-00C04F79EFBC}") = "Auth.Shared", "src\Modules\Auth\Auth.Shared\Auth.Shared.csproj", "{BF0ECA18-CBCB-45FC-BC52-C8E0400361C1}"
EndProject
Project("{2150E333-8FDC-42A3-9474-1A3956D46DE8}") = "Shared", "Shared", "{C8E42992-5E42-0C2B-DBFE-AA848D06431C}"
EndProject
Project("{FAE04EC0-301F-11D3-BF4B-00C04F79EFBC}") = "Shared.Abstractions", "src\Shared\Shared.Abstractions\Shared.Abstractions.csproj", "{F0061C75-1AF7-46C3-8785-694A04E07346}"
EndProject
Project("{FAE04EC0-301F-11D3-BF4B-00C04F79EFBC}") = "Shared.Infrastructure", "src\Shared\Shared.Infrastructure\Shared.Infrastructure.csproj", "{D7FADFE1-420C-4A01-A7ED-F1EC265B0C79}"
EndProject
Project("{2150E333-8FDC-42A3-9474-1A3956D46DE8}") = "UserProfiles", "UserProfiles", "{F4EF7E78-6F8A-3CC3-96B1-F0EDB70A13FC}"
EndProject
Project("{FAE04EC0-301F-11D3-BF4B-00C04F79EFBC}") = "UserProfiles.Api", "src\Modules\UserProfiles\UserProfiles.Api\UserProfiles.Api.csproj", "{AC70DF2A-73D8-40D1-9E77-DAE2D021DAAC}"
EndProject
Project("{FAE04EC0-301F-11D3-BF4B-00C04F79EFBC}") = "UserProfiles.Core", "src\Modules\UserProfiles\UserProfiles.Core\UserProfiles.Core.csproj", "{E185D45D-EB08-40E2-9D43-44108C370B06}"
EndProject
Project("{FAE04EC0-301F-11D3-BF4B-00C04F79EFBC}") = "UserProfiles.Domain", "src\Modules\UserProfiles\UserProfiles.Domain\UserProfiles.Domain.csproj", "{E45C7895-01B0-4B74-A2DC-BDCF90622060}"
EndProject
Project("{FAE04EC0-301F-11D3-BF4B-00C04F79EFBC}") = "UserProfiles.Shared", "src\Modules\UserProfiles\UserProfiles.Shared\UserProfiles.Shared.csproj", "{30766460-9598-4C8C-9034-D726E1146EC3}"
EndProject
Global
	GlobalSection(SolutionConfigurationPlatforms) = preSolution
		Debug|Any CPU = Debug|Any CPU
		Debug|x64 = Debug|x64
		Debug|x86 = Debug|x86
		Release|Any CPU = Release|Any CPU
		Release|x64 = Release|x64
		Release|x86 = Release|x86
	EndGlobalSection
	GlobalSection(ProjectConfigurationPlatforms) = postSolution
		{034E25C6-A435-4AC9-964C-11206415612F}.Debug|Any CPU.ActiveCfg = Debug|Any CPU
		{034E25C6-A435-4AC9-964C-11206415612F}.Debug|Any CPU.Build.0 = Debug|Any CPU
		{034E25C6-A435-4AC9-964C-11206415612F}.Debug|x64.ActiveCfg = Debug|Any CPU
		{034E25C6-A435-4AC9-964C-11206415612F}.Debug|x64.Build.0 = Debug|Any CPU
		{034E25C6-A435-4AC9-964C-11206415612F}.Debug|x86.ActiveCfg = Debug|Any CPU
		{034E25C6-A435-4AC9-964C-11206415612F}.Debug|x86.Build.0 = Debug|Any CPU
		{034E25C6-A435-4AC9-964C-11206415612F}.Release|Any CPU.ActiveCfg = Release|Any CPU
		{034E25C6-A435-4AC9-964C-11206415612F}.Release|Any CPU.Build.0 = Release|Any CPU
		{034E25C6-A435-4AC9-964C-11206415612F}.Release|x64.ActiveCfg = Release|Any CPU
		{034E25C6-A435-4AC9-964C-11206415612F}.Release|x64.Build.0 = Release|Any CPU
		{034E25C6-A435-4AC9-964C-11206415612F}.Release|x86.ActiveCfg = Release|Any CPU
		{034E25C6-A435-4AC9-964C-11206415612F}.Release|x86.Build.0 = Release|Any CPU
		{4B181AAE-0527-406D-91FA-91B01E590A48}.Debug|Any CPU.ActiveCfg = Debug|Any CPU
		{4B181AAE-0527-406D-91FA-91B01E590A48}.Debug|Any CPU.Build.0 = Debug|Any CPU
		{4B181AAE-0527-406D-91FA-91B01E590A48}.Debug|x64.ActiveCfg = Debug|Any CPU
		{4B181AAE-0527-406D-91FA-91B01E590A48}.Debug|x64.Build.0 = Debug|Any CPU
		{4B181AAE-0527-406D-91FA-91B01E590A48}.Debug|x86.ActiveCfg = Debug|Any CPU
		{4B181AAE-0527-406D-91FA-91B01E590A48}.Debug|x86.Build.0 = Debug|Any CPU
		{4B181AAE-0527-406D-91FA-91B01E590A48}.Release|Any CPU.ActiveCfg = Release|Any CPU
		{4B181AAE-0527-406D-91FA-91B01E590A48}.Release|Any CPU.Build.0 = Release|Any CPU
		{4B181AAE-0527-406D-91FA-91B01E590A48}.Release|x64.ActiveCfg = Release|Any CPU
		{4B181AAE-0527-406D-91FA-91B01E590A48}.Release|x64.Build.0 = Release|Any CPU
		{4B181AAE-0527-406D-91FA-91B01E590A48}.Release|x86.ActiveCfg = Release|Any CPU
		{4B181AAE-0527-406D-91FA-91B01E590A48}.Release|x86.Build.0 = Release|Any CPU
		{BF3B7A7F-D322-47D9-8B5B-17EB06A5C11C}.Debug|Any CPU.ActiveCfg = Debug|Any CPU
		{BF3B7A7F-D322-47D9-8B5B-17EB06A5C11C}.Debug|Any CPU.Build.0 = Debug|Any CPU
		{BF3B7A7F-D322-47D9-8B5B-17EB06A5C11C}.Debug|x64.ActiveCfg = Debug|Any CPU
		{BF3B7A7F-D322-47D9-8B5B-17EB06A5C11C}.Debug|x64.Build.0 = Debug|Any CPU
		{BF3B7A7F-D322-47D9-8B5B-17EB06A5C11C}.Debug|x86.ActiveCfg = Debug|Any CPU
		{BF3B7A7F-D322-47D9-8B5B-17EB06A5C11C}.Debug|x86.Build.0 = Debug|Any CPU
		{BF3B7A7F-D322-47D9-8B5B-17EB06A5C11C}.Release|Any CPU.ActiveCfg = Release|Any CPU
		{BF3B7A7F-D322-47D9-8B5B-17EB06A5C11C}.Release|Any CPU.Build.0 = Release|Any CPU
		{BF3B7A7F-D322-47D9-8B5B-17EB06A5C11C}.Release|x64.ActiveCfg = Release|Any CPU
		{BF3B7A7F-D322-47D9-8B5B-17EB06A5C11C}.Release|x64.Build.0 = Release|Any CPU
		{BF3B7A7F-D322-47D9-8B5B-17EB06A5C11C}.Release|x86.ActiveCfg = Release|Any CPU
		{BF3B7A7F-D322-47D9-8B5B-17EB06A5C11C}.Release|x86.Build.0 = Release|Any CPU
		{BF0ECA18-CBCB-45FC-BC52-C8E0400361C1}.Debug|Any CPU.ActiveCfg = Debug|Any CPU
		{BF0ECA18-CBCB-45FC-BC52-C8E0400361C1}.Debug|Any CPU.Build.0 = Debug|Any CPU
		{BF0ECA18-CBCB-45FC-BC52-C8E0400361C1}.Debug|x64.ActiveCfg = Debug|Any CPU
		{BF0ECA18-CBCB-45FC-BC52-C8E0400361C1}.Debug|x64.Build.0 = Debug|Any CPU
		{BF0ECA18-CBCB-45FC-BC52-C8E0400361C1}.Debug|x86.ActiveCfg = Debug|Any CPU
		{BF0ECA18-CBCB-45FC-BC52-C8E0400361C1}.Debug|x86.Build.0 = Debug|Any CPU
		{BF0ECA18-CBCB-45FC-BC52-C8E0400361C1}.Release|Any CPU.ActiveCfg = Release|Any CPU
		{BF0ECA18-CBCB-45FC-BC52-C8E0400361C1}.Release|Any CPU.Build.0 = Release|Any CPU
		{BF0ECA18-CBCB-45FC-BC52-C8E0400361C1}.Release|x64.ActiveCfg = Release|Any CPU
		{BF0ECA18-CBCB-45FC-BC52-C8E0400361C1}.Release|x64.Build.0 = Release|Any CPU
		{BF0ECA18-CBCB-45FC-BC52-C8E0400361C1}.Release|x86.ActiveCfg = Release|Any CPU
		{BF0ECA18-CBCB-45FC-BC52-C8E0400361C1}.Release|x86.Build.0 = Release|Any CPU
		{F0061C75-1AF7-46C3-8785-694A04E07346}.Debug|Any CPU.ActiveCfg = Debug|Any CPU
		{F0061C75-1AF7-46C3-8785-694A04E07346}.Debug|Any CPU.Build.0 = Debug|Any CPU
		{F0061C75-1AF7-46C3-8785-694A04E07346}.Debug|x64.ActiveCfg = Debug|Any CPU
		{F0061C75-1AF7-46C3-8785-694A04E07346}.Debug|x64.Build.0 = Debug|Any CPU
		{F0061C75-1AF7-46C3-8785-694A04E07346}.Debug|x86.ActiveCfg = Debug|Any CPU
		{F0061C75-1AF7-46C3-8785-694A04E07346}.Debug|x86.Build.0 = Debug|Any CPU
		{F0061C75-1AF7-46C3-8785-694A04E07346}.Release|Any CPU.ActiveCfg = Release|Any CPU
		{F0061C75-1AF7-46C3-8785-694A04E07346}.Release|Any CPU.Build.0 = Release|Any CPU
		{F0061C75-1AF7-46C3-8785-694A04E07346}.Release|x64.ActiveCfg = Release|Any CPU
		{F0061C75-1AF7-46C3-8785-694A04E07346}.Release|x64.Build.0 = Release|Any CPU
		{F0061C75-1AF7-46C3-8785-694A04E07346}.Release|x86.ActiveCfg = Release|Any CPU
		{F0061C75-1AF7-46C3-8785-694A04E07346}.Release|x86.Build.0 = Release|Any CPU
		{D7FADFE1-420C-4A01-A7ED-F1EC265B0C79}.Debug|Any CPU.ActiveCfg = Debug|Any CPU
		{D7FADFE1-420C-4A01-A7ED-F1EC265B0C79}.Debug|Any CPU.Build.0 = Debug|Any CPU
		{D7FADFE1-420C-4A01-A7ED-F1EC265B0C79}.Debug|x64.ActiveCfg = Debug|Any CPU
		{D7FADFE1-420C-4A01-A7ED-F1EC265B0C79}.Debug|x64.Build.0 = Debug|Any CPU
		{D7FADFE1-420C-4A01-A7ED-F1EC265B0C79}.Debug|x86.ActiveCfg = Debug|Any CPU
		{D7FADFE1-420C-4A01-A7ED-F1EC265B0C79}.Debug|x86.Build.0 = Debug|Any CPU
		{D7FADFE1-420C-4A01-A7ED-F1EC265B0C79}.Release|Any CPU.ActiveCfg = Release|Any CPU
		{D7FADFE1-420C-4A01-A7ED-F1EC265B0C79}.Release|Any CPU.Build.0 = Release|Any CPU
		{D7FADFE1-420C-4A01-A7ED-F1EC265B0C79}.Release|x64.ActiveCfg = Release|Any CPU
		{D7FADFE1-420C-4A01-A7ED-F1EC265B0C79}.Release|x64.Build.0 = Release|Any CPU
		{D7FADFE1-420C-4A01-A7ED-F1EC265B0C79}.Release|x86.ActiveCfg = Release|Any CPU
		{D7FADFE1-420C-4A01-A7ED-F1EC265B0C79}.Release|x86.Build.0 = Release|Any CPU
		{AC70DF2A-73D8-40D1-9E77-DAE2D021DAAC}.Debug|Any CPU.ActiveCfg = Debug|Any CPU
		{AC70DF2A-73D8-40D1-9E77-DAE2D021DAAC}.Debug|Any CPU.Build.0 = Debug|Any CPU
		{AC70DF2A-73D8-40D1-9E77-DAE2D021DAAC}.Debug|x64.ActiveCfg = Debug|Any CPU
		{AC70DF2A-73D8-40D1-9E77-DAE2D021DAAC}.Debug|x64.Build.0 = Debug|Any CPU
		{AC70DF2A-73D8-40D1-9E77-DAE2D021DAAC}.Debug|x86.ActiveCfg = Debug|Any CPU
		{AC70DF2A-73D8-40D1-9E77-DAE2D021DAAC}.Debug|x86.Build.0 = Debug|Any CPU
		{AC70DF2A-73D8-40D1-9E77-DAE2D021DAAC}.Release|Any CPU.ActiveCfg = Release|Any CPU
		{AC70DF2A-73D8-40D1-9E77-DAE2D021DAAC}.Release|Any CPU.Build.0 = Release|Any CPU
		{AC70DF2A-73D8-40D1-9E77-DAE2D021DAAC}.Release|x64.ActiveCfg = Release|Any CPU
		{AC70DF2A-73D8-40D1-9E77-DAE2D021DAAC}.Release|x64.Build.0 = Release|Any CPU
		{AC70DF2A-73D8-40D1-9E77-DAE2D021DAAC}.Release|x86.ActiveCfg = Release|Any CPU
		{AC70DF2A-73D8-40D1-9E77-DAE2D021DAAC}.Release|x86.Build.0 = Release|Any CPU
		{E185D45D-EB08-40E2-9D43-44108C370B06}.Debug|Any CPU.ActiveCfg = Debug|Any CPU
		{E185D45D-EB08-40E2-9D43-44108C370B06}.Debug|Any CPU.Build.0 = Debug|Any CPU
		{E185D45D-EB08-40E2-9D43-44108C370B06}.Debug|x64.ActiveCfg = Debug|Any CPU
		{E185D45D-EB08-40E2-9D43-44108C370B06}.Debug|x64.Build.0 = Debug|Any CPU
		{E185D45D-EB08-40E2-9D43-44108C370B06}.Debug|x86.ActiveCfg = Debug|Any CPU
		{E185D45D-EB08-40E2-9D43-44108C370B06}.Debug|x86.Build.0 = Debug|Any CPU
		{E185D45D-EB08-40E2-9D43-44108C370B06}.Release|Any CPU.ActiveCfg = Release|Any CPU
		{E185D45D-EB08-40E2-9D43-44108C370B06}.Release|Any CPU.Build.0 = Release|Any CPU
		{E185D45D-EB08-40E2-9D43-44108C370B06}.Release|x64.ActiveCfg = Release|Any CPU
		{E185D45D-EB08-40E2-9D43-44108C370B06}.Release|x64.Build.0 = Release|Any CPU
		{E185D45D-EB08-40E2-9D43-44108C370B06}.Release|x86.ActiveCfg = Release|Any CPU
		{E185D45D-EB08-40E2-9D43-44108C370B06}.Release|x86.Build.0 = Release|Any CPU
		{E45C7895-01B0-4B74-A2DC-BDCF90622060}.Debug|Any CPU.ActiveCfg = Debug|Any CPU
		{E45C7895-01B0-4B74-A2DC-BDCF90622060}.Debug|Any CPU.Build.0 = Debug|Any CPU
		{E45C7895-01B0-4B74-A2DC-BDCF90622060}.Debug|x64.ActiveCfg = Debug|Any CPU
		{E45C7895-01B0-4B74-A2DC-BDCF90622060}.Debug|x64.Build.0 = Debug|Any CPU
		{E45C7895-01B0-4B74-A2DC-BDCF90622060}.Debug|x86.ActiveCfg = Debug|Any CPU
		{E45C7895-01B0-4B74-A2DC-BDCF90622060}.Debug|x86.Build.0 = Debug|Any CPU
		{E45C7895-01B0-4B74-A2DC-BDCF90622060}.Release|Any CPU.ActiveCfg = Release|Any CPU
		{E45C7895-01B0-4B74-A2DC-BDCF90622060}.Release|Any CPU.Build.0 = Release|Any CPU
		{E45C7895-01B0-4B74-A2DC-BDCF90622060}.Release|x64.ActiveCfg = Release|Any CPU
		{E45C7895-01B0-4B74-A2DC-BDCF90622060}.Release|x64.Build.0 = Release|Any CPU
		{E45C7895-01B0-4B74-A2DC-BDCF90622060}.Release|x86.ActiveCfg = Release|Any CPU
		{E45C7895-01B0-4B74-A2DC-BDCF90622060}.Release|x86.Build.0 = Release|Any CPU
		{30766460-9598-4C8C-9034-D726E1146EC3}.Debug|Any CPU.ActiveCfg = Debug|Any CPU
		{30766460-9598-4C8C-9034-D726E1146EC3}.Debug|Any CPU.Build.0 = Debug|Any CPU
		{30766460-9598-4C8C-9034-D726E1146EC3}.Debug|x64.ActiveCfg = Debug|Any CPU
		{30766460-9598-4C8C-9034-D726E1146EC3}.Debug|x64.Build.0 = Debug|Any CPU
		{30766460-9598-4C8C-9034-D726E1146EC3}.Debug|x86.ActiveCfg = Debug|Any CPU
		{30766460-9598-4C8C-9034-D726E1146EC3}.Debug|x86.Build.0 = Debug|Any CPU
		{30766460-9598-4C8C-9034-D726E1146EC3}.Release|Any CPU.ActiveCfg = Release|Any CPU
		{30766460-9598-4C8C-9034-D726E1146EC3}.Release|Any CPU.Build.0 = Release|Any CPU
		{30766460-9598-4C8C-9034-D726E1146EC3}.Release|x64.ActiveCfg = Release|Any CPU
		{30766460-9598-4C8C-9034-D726E1146EC3}.Release|x64.Build.0 = Release|Any CPU
		{30766460-9598-4C8C-9034-D726E1146EC3}.Release|x86.ActiveCfg = Release|Any CPU
		{30766460-9598-4C8C-9034-D726E1146EC3}.Release|x86.Build.0 = Release|Any CPU
	EndGlobalSection
	GlobalSection(SolutionProperties) = preSolution
		HideSolutionNode = FALSE
	EndGlobalSection
	GlobalSection(NestedProjects) = preSolution
		{A42421DF-83F2-EC56-5368-8ED134CB703A} = {827E0CD3-B72D-47B6-A68D-7590B98EB39B}
		{034E25C6-A435-4AC9-964C-11206415612F} = {A42421DF-83F2-EC56-5368-8ED134CB703A}
		{EC447DCF-ABFA-6E24-52A5-D7FD48A5C558} = {827E0CD3-B72D-47B6-A68D-7590B98EB39B}
		{E9D55F35-C373-3DD8-6914-3213F2F582A2} = {EC447DCF-ABFA-6E24-52A5-D7FD48A5C558}
		{4B181AAE-0527-406D-91FA-91B01E590A48} = {E9D55F35-C373-3DD8-6914-3213F2F582A2}
		{BF3B7A7F-D322-47D9-8B5B-17EB06A5C11C} = {E9D55F35-C373-3DD8-6914-3213F2F582A2}
		{BF0ECA18-CBCB-45FC-BC52-C8E0400361C1} = {E9D55F35-C373-3DD8-6914-3213F2F582A2}
		{C8E42992-5E42-0C2B-DBFE-AA848D06431C} = {827E0CD3-B72D-47B6-A68D-7590B98EB39B}
		{F0061C75-1AF7-46C3-8785-694A04E07346} = {C8E42992-5E42-0C2B-DBFE-AA848D06431C}
		{D7FADFE1-420C-4A01-A7ED-F1EC265B0C79} = {C8E42992-5E42-0C2B-DBFE-AA848D06431C}
		{F4EF7E78-6F8A-3CC3-96B1-F0EDB70A13FC} = {EC447DCF-ABFA-6E24-52A5-D7FD48A5C558}
		{AC70DF2A-73D8-40D1-9E77-DAE2D021DAAC} = {F4EF7E78-6F8A-3CC3-96B1-F0EDB70A13FC}
		{E185D45D-EB08-40E2-9D43-44108C370B06} = {F4EF7E78-6F8A-3CC3-96B1-F0EDB70A13FC}
		{E45C7895-01B0-4B74-A2DC-BDCF90622060} = {F4EF7E78-6F8A-3CC3-96B1-F0EDB70A13FC}
		{30766460-9598-4C8C-9034-D726E1146EC3} = {F4EF7E78-6F8A-3CC3-96B1-F0EDB70A13FC}
	EndGlobalSection
EndGlobal
